// !$*UTF8*$!
{
	archiveVersion = 1;
	classes = {
	};
	objectVersion = 50;
	objects = {

/* Begin PBXBuildFile section */
		6ACBC8B6F3DD009F8F9D45CF /* Pods_ListDemoUITests.framework in Frameworks */ = {isa = PBXBuildFile; fileRef = AED1F10F9A116A4857A7BA15 /* Pods_ListDemoUITests.framework */; };
		9CAFE86F6CA8EC3A3C2E93BF /* Pods_ListDemo.framework in Frameworks */ = {isa = PBXBuildFile; fileRef = C8C367A91A1C0C6ED9467A54 /* Pods_ListDemo.framework */; };
		A797460E20DA51B9001F5F88 /* ListTableViewCell.swift in Sources */ = {isa = PBXBuildFile; fileRef = A797460D20DA51B9001F5F88 /* ListTableViewCell.swift */; };
		A797461020DA6AA2001F5F88 /* ListViewControllerExtension.swift in Sources */ = {isa = PBXBuildFile; fileRef = A797460F20DA6AA2001F5F88 /* ListViewControllerExtension.swift */; };
		A797461220DBB11B001F5F88 /* ErrorPresentableViewController.swift in Sources */ = {isa = PBXBuildFile; fileRef = A797461120DBB11B001F5F88 /* ErrorPresentableViewController.swift */; };
		A797461420DBB23F001F5F88 /* ErrorView.swift in Sources */ = {isa = PBXBuildFile; fileRef = A797461320DBB23F001F5F88 /* ErrorView.swift */; };
		A797461620DBB25E001F5F88 /* ErrorView.xib in Resources */ = {isa = PBXBuildFile; fileRef = A797461520DBB25E001F5F88 /* ErrorView.xib */; };
		A797461820DBB782001F5F88 /* ListError.swift in Sources */ = {isa = PBXBuildFile; fileRef = A797461720DBB782001F5F88 /* ListError.swift */; };
		A7C8F58520D7916700B04FA9 /* AppDelegate.swift in Sources */ = {isa = PBXBuildFile; fileRef = A7C8F58420D7916700B04FA9 /* AppDelegate.swift */; };
		A7C8F58720D7916700B04FA9 /* ListViewController.swift in Sources */ = {isa = PBXBuildFile; fileRef = A7C8F58620D7916700B04FA9 /* ListViewController.swift */; };
		A7C8F58A20D7916700B04FA9 /* Main.storyboard in Resources */ = {isa = PBXBuildFile; fileRef = A7C8F58820D7916700B04FA9 /* Main.storyboard */; };
		A7C8F58C20D7916800B04FA9 /* Assets.xcassets in Resources */ = {isa = PBXBuildFile; fileRef = A7C8F58B20D7916800B04FA9 /* Assets.xcassets */; };
		A7C8F58F20D7916800B04FA9 /* LaunchScreen.storyboard in Resources */ = {isa = PBXBuildFile; fileRef = A7C8F58D20D7916800B04FA9 /* LaunchScreen.storyboard */; };
		A7C8F59A20D7916800B04FA9 /* ListDemoTests.swift in Sources */ = {isa = PBXBuildFile; fileRef = A7C8F59920D7916800B04FA9 /* ListDemoTests.swift */; };
		A7C8F5A520D7916800B04FA9 /* ListDemoUITests.swift in Sources */ = {isa = PBXBuildFile; fileRef = A7C8F5A420D7916800B04FA9 /* ListDemoUITests.swift */; };
		A7C8F5B320D7AE7300B04FA9 /* ListItem.swift in Sources */ = {isa = PBXBuildFile; fileRef = A7C8F5B220D7AE7300B04FA9 /* ListItem.swift */; };
		A7C8F5B520D7B1A200B04FA9 /* APIService.swift in Sources */ = {isa = PBXBuildFile; fileRef = A7C8F5B420D7B1A200B04FA9 /* APIService.swift */; };
		A7C8F5B720D7BB2E00B04FA9 /* List.swift in Sources */ = {isa = PBXBuildFile; fileRef = A7C8F5B620D7BB2E00B04FA9 /* List.swift */; };
		E50326B7AB887373FFC1AE54 /* Pods_ListDemoTests.framework in Frameworks */ = {isa = PBXBuildFile; fileRef = 2E00DD1AECE76A3258C72E14 /* Pods_ListDemoTests.framework */; };
/* End PBXBuildFile section */

/* Begin PBXContainerItemProxy section */
		A7C8F59620D7916800B04FA9 /* PBXContainerItemProxy */ = {
			isa = PBXContainerItemProxy;
			containerPortal = A7C8F57920D7916700B04FA9 /* Project object */;
			proxyType = 1;
			remoteGlobalIDString = A7C8F58020D7916700B04FA9;
			remoteInfo = ListDemo;
		};
		A7C8F5A120D7916800B04FA9 /* PBXContainerItemProxy */ = {
			isa = PBXContainerItemProxy;
			containerPortal = A7C8F57920D7916700B04FA9 /* Project object */;
			proxyType = 1;
			remoteGlobalIDString = A7C8F58020D7916700B04FA9;
			remoteInfo = ListDemo;
		};
/* End PBXContainerItemProxy section */

/* Begin PBXFileReference section */
		1D1E96C7BB31923599CE2A20 /* Pods-ListDemo.release.xcconfig */ = {isa = PBXFileReference; includeInIndex = 1; lastKnownFileType = text.xcconfig; name = "Pods-ListDemo.release.xcconfig"; path = "Pods/Target Support Files/Pods-ListDemo/Pods-ListDemo.release.xcconfig"; sourceTree = "<group>"; };
		2E00DD1AECE76A3258C72E14 /* Pods_ListDemoTests.framework */ = {isa = PBXFileReference; explicitFileType = wrapper.framework; includeInIndex = 0; path = Pods_ListDemoTests.framework; sourceTree = BUILT_PRODUCTS_DIR; };
		7112BA76168DBB2DF1F5E060 /* Pods-ListDemo.debug.xcconfig */ = {isa = PBXFileReference; includeInIndex = 1; lastKnownFileType = text.xcconfig; name = "Pods-ListDemo.debug.xcconfig"; path = "Pods/Target Support Files/Pods-ListDemo/Pods-ListDemo.debug.xcconfig"; sourceTree = "<group>"; };
		A797460D20DA51B9001F5F88 /* ListTableViewCell.swift */ = {isa = PBXFileReference; lastKnownFileType = sourcecode.swift; path = ListTableViewCell.swift; sourceTree = "<group>"; };
		A797460F20DA6AA2001F5F88 /* ListViewControllerExtension.swift */ = {isa = PBXFileReference; lastKnownFileType = sourcecode.swift; path = ListViewControllerExtension.swift; sourceTree = "<group>"; };
		A797461120DBB11B001F5F88 /* ErrorPresentableViewController.swift */ = {isa = PBXFileReference; lastKnownFileType = sourcecode.swift; path = ErrorPresentableViewController.swift; sourceTree = "<group>"; };
		A797461320DBB23F001F5F88 /* ErrorView.swift */ = {isa = PBXFileReference; lastKnownFileType = sourcecode.swift; path = ErrorView.swift; sourceTree = "<group>"; };
		A797461520DBB25E001F5F88 /* ErrorView.xib */ = {isa = PBXFileReference; lastKnownFileType = file.xib; path = ErrorView.xib; sourceTree = "<group>"; };
		A797461720DBB782001F5F88 /* ListError.swift */ = {isa = PBXFileReference; lastKnownFileType = sourcecode.swift; path = ListError.swift; sourceTree = "<group>"; };
		A7C8F58120D7916700B04FA9 /* ListDemo.app */ = {isa = PBXFileReference; explicitFileType = wrapper.application; includeInIndex = 0; path = ListDemo.app; sourceTree = BUILT_PRODUCTS_DIR; };
		A7C8F58420D7916700B04FA9 /* AppDelegate.swift */ = {isa = PBXFileReference; lastKnownFileType = sourcecode.swift; path = AppDelegate.swift; sourceTree = "<group>"; };
		A7C8F58620D7916700B04FA9 /* ListViewController.swift */ = {isa = PBXFileReference; lastKnownFileType = sourcecode.swift; path = ListViewController.swift; sourceTree = "<group>"; };
		A7C8F58920D7916700B04FA9 /* Base */ = {isa = PBXFileReference; lastKnownFileType = file.storyboard; name = Base; path = Base.lproj/Main.storyboard; sourceTree = "<group>"; };
		A7C8F58B20D7916800B04FA9 /* Assets.xcassets */ = {isa = PBXFileReference; lastKnownFileType = folder.assetcatalog; path = Assets.xcassets; sourceTree = "<group>"; };
		A7C8F58E20D7916800B04FA9 /* Base */ = {isa = PBXFileReference; lastKnownFileType = file.storyboard; name = Base; path = Base.lproj/LaunchScreen.storyboard; sourceTree = "<group>"; };
		A7C8F59020D7916800B04FA9 /* Info.plist */ = {isa = PBXFileReference; lastKnownFileType = text.plist.xml; path = Info.plist; sourceTree = "<group>"; };
		A7C8F59520D7916800B04FA9 /* ListDemoTests.xctest */ = {isa = PBXFileReference; explicitFileType = wrapper.cfbundle; includeInIndex = 0; path = ListDemoTests.xctest; sourceTree = BUILT_PRODUCTS_DIR; };
		A7C8F59920D7916800B04FA9 /* ListDemoTests.swift */ = {isa = PBXFileReference; lastKnownFileType = sourcecode.swift; path = ListDemoTests.swift; sourceTree = "<group>"; };
		A7C8F59B20D7916800B04FA9 /* Info.plist */ = {isa = PBXFileReference; lastKnownFileType = text.plist.xml; path = Info.plist; sourceTree = "<group>"; };
		A7C8F5A020D7916800B04FA9 /* ListDemoUITests.xctest */ = {isa = PBXFileReference; explicitFileType = wrapper.cfbundle; includeInIndex = 0; path = ListDemoUITests.xctest; sourceTree = BUILT_PRODUCTS_DIR; };
		A7C8F5A420D7916800B04FA9 /* ListDemoUITests.swift */ = {isa = PBXFileReference; lastKnownFileType = sourcecode.swift; path = ListDemoUITests.swift; sourceTree = "<group>"; };
		A7C8F5A620D7916800B04FA9 /* Info.plist */ = {isa = PBXFileReference; lastKnownFileType = text.plist.xml; path = Info.plist; sourceTree = "<group>"; };
		A7C8F5B220D7AE7300B04FA9 /* ListItem.swift */ = {isa = PBXFileReference; lastKnownFileType = sourcecode.swift; path = ListItem.swift; sourceTree = "<group>"; };
		A7C8F5B420D7B1A200B04FA9 /* APIService.swift */ = {isa = PBXFileReference; lastKnownFileType = sourcecode.swift; path = APIService.swift; sourceTree = "<group>"; };
		A7C8F5B620D7BB2E00B04FA9 /* List.swift */ = {isa = PBXFileReference; lastKnownFileType = sourcecode.swift; path = List.swift; sourceTree = "<group>"; };
		AED1F10F9A116A4857A7BA15 /* Pods_ListDemoUITests.framework */ = {isa = PBXFileReference; explicitFileType = wrapper.framework; includeInIndex = 0; path = Pods_ListDemoUITests.framework; sourceTree = BUILT_PRODUCTS_DIR; };
		C6DD9905CCF32A46FD86F127 /* Pods-ListDemoTests.debug.xcconfig */ = {isa = PBXFileReference; includeInIndex = 1; lastKnownFileType = text.xcconfig; name = "Pods-ListDemoTests.debug.xcconfig"; path = "Pods/Target Support Files/Pods-ListDemoTests/Pods-ListDemoTests.debug.xcconfig"; sourceTree = "<group>"; };
		C8C367A91A1C0C6ED9467A54 /* Pods_ListDemo.framework */ = {isa = PBXFileReference; explicitFileType = wrapper.framework; includeInIndex = 0; path = Pods_ListDemo.framework; sourceTree = BUILT_PRODUCTS_DIR; };
		CCB1136B0A8CB92AECBED93F /* Pods-ListDemoUITests.release.xcconfig */ = {isa = PBXFileReference; includeInIndex = 1; lastKnownFileType = text.xcconfig; name = "Pods-ListDemoUITests.release.xcconfig"; path = "Pods/Target Support Files/Pods-ListDemoUITests/Pods-ListDemoUITests.release.xcconfig"; sourceTree = "<group>"; };
		D2AF68E9E116473E7881D094 /* Pods-ListDemoTests.release.xcconfig */ = {isa = PBXFileReference; includeInIndex = 1; lastKnownFileType = text.xcconfig; name = "Pods-ListDemoTests.release.xcconfig"; path = "Pods/Target Support Files/Pods-ListDemoTests/Pods-ListDemoTests.release.xcconfig"; sourceTree = "<group>"; };
		E95703964429D3C2DC81B012 /* Pods-ListDemoUITests.debug.xcconfig */ = {isa = PBXFileReference; includeInIndex = 1; lastKnownFileType = text.xcconfig; name = "Pods-ListDemoUITests.debug.xcconfig"; path = "Pods/Target Support Files/Pods-ListDemoUITests/Pods-ListDemoUITests.debug.xcconfig"; sourceTree = "<group>"; };
/* End PBXFileReference section */

/* Begin PBXFrameworksBuildPhase section */
		A7C8F57E20D7916700B04FA9 /* Frameworks */ = {
			isa = PBXFrameworksBuildPhase;
			buildActionMask = 2147483647;
			files = (
				9CAFE86F6CA8EC3A3C2E93BF /* Pods_ListDemo.framework in Frameworks */,
			);
			runOnlyForDeploymentPostprocessing = 0;
		};
		A7C8F59220D7916800B04FA9 /* Frameworks */ = {
			isa = PBXFrameworksBuildPhase;
			buildActionMask = 2147483647;
			files = (
				E50326B7AB887373FFC1AE54 /* Pods_ListDemoTests.framework in Frameworks */,
			);
			runOnlyForDeploymentPostprocessing = 0;
		};
		A7C8F59D20D7916800B04FA9 /* Frameworks */ = {
			isa = PBXFrameworksBuildPhase;
			buildActionMask = 2147483647;
			files = (
				6ACBC8B6F3DD009F8F9D45CF /* Pods_ListDemoUITests.framework in Frameworks */,
			);
			runOnlyForDeploymentPostprocessing = 0;
		};
/* End PBXFrameworksBuildPhase section */

/* Begin PBXGroup section */
		4969BB43FD08AC1693059435 /* Frameworks */ = {
			isa = PBXGroup;
			children = (
				C8C367A91A1C0C6ED9467A54 /* Pods_ListDemo.framework */,
				2E00DD1AECE76A3258C72E14 /* Pods_ListDemoTests.framework */,
				AED1F10F9A116A4857A7BA15 /* Pods_ListDemoUITests.framework */,
			);
			name = Frameworks;
			sourceTree = "<group>";
		};
		71EA76A1E54837FBD34DA53C /* Pods */ = {
			isa = PBXGroup;
			children = (
				7112BA76168DBB2DF1F5E060 /* Pods-ListDemo.debug.xcconfig */,
				1D1E96C7BB31923599CE2A20 /* Pods-ListDemo.release.xcconfig */,
				C6DD9905CCF32A46FD86F127 /* Pods-ListDemoTests.debug.xcconfig */,
				D2AF68E9E116473E7881D094 /* Pods-ListDemoTests.release.xcconfig */,
				E95703964429D3C2DC81B012 /* Pods-ListDemoUITests.debug.xcconfig */,
				CCB1136B0A8CB92AECBED93F /* Pods-ListDemoUITests.release.xcconfig */,
			);
			name = Pods;
			sourceTree = "<group>";
		};
		A7C8F57820D7916700B04FA9 = {
			isa = PBXGroup;
			children = (
				A7C8F58320D7916700B04FA9 /* ListDemo */,
				A7C8F59820D7916800B04FA9 /* ListDemoTests */,
				A7C8F5A320D7916800B04FA9 /* ListDemoUITests */,
				A7C8F58220D7916700B04FA9 /* Products */,
				71EA76A1E54837FBD34DA53C /* Pods */,
				4969BB43FD08AC1693059435 /* Frameworks */,
			);
			sourceTree = "<group>";
		};
		A7C8F58220D7916700B04FA9 /* Products */ = {
			isa = PBXGroup;
			children = (
				A7C8F58120D7916700B04FA9 /* ListDemo.app */,
				A7C8F59520D7916800B04FA9 /* ListDemoTests.xctest */,
				A7C8F5A020D7916800B04FA9 /* ListDemoUITests.xctest */,
			);
			name = Products;
			sourceTree = "<group>";
		};
		A7C8F58320D7916700B04FA9 /* ListDemo */ = {
			isa = PBXGroup;
			children = (
				A7C8F58420D7916700B04FA9 /* AppDelegate.swift */,
				A7C8F58620D7916700B04FA9 /* ListViewController.swift */,
				A797460F20DA6AA2001F5F88 /* ListViewControllerExtension.swift */,
				A7C8F5B220D7AE7300B04FA9 /* ListItem.swift */,
				A7C8F5B620D7BB2E00B04FA9 /* List.swift */,
				A7C8F5B420D7B1A200B04FA9 /* APIService.swift */,
				A797460D20DA51B9001F5F88 /* ListTableViewCell.swift */,
				A797461120DBB11B001F5F88 /* ErrorPresentableViewController.swift */,
				A797461320DBB23F001F5F88 /* ErrorView.swift */,
				A797461720DBB782001F5F88 /* ListError.swift */,
				A797461520DBB25E001F5F88 /* ErrorView.xib */,
				A7C8F58820D7916700B04FA9 /* Main.storyboard */,
				A7C8F58B20D7916800B04FA9 /* Assets.xcassets */,
				A7C8F58D20D7916800B04FA9 /* LaunchScreen.storyboard */,
				A7C8F59020D7916800B04FA9 /* Info.plist */,
			);
			path = ListDemo;
			sourceTree = "<group>";
		};
		A7C8F59820D7916800B04FA9 /* ListDemoTests */ = {
			isa = PBXGroup;
			children = (
				A7C8F59920D7916800B04FA9 /* ListDemoTests.swift */,
				A7C8F59B20D7916800B04FA9 /* Info.plist */,
			);
			path = ListDemoTests;
			sourceTree = "<group>";
		};
		A7C8F5A320D7916800B04FA9 /* ListDemoUITests */ = {
			isa = PBXGroup;
			children = (
				A7C8F5A420D7916800B04FA9 /* ListDemoUITests.swift */,
				A7C8F5A620D7916800B04FA9 /* Info.plist */,
			);
			path = ListDemoUITests;
			sourceTree = "<group>";
		};
/* End PBXGroup section */

/* Begin PBXNativeTarget section */
		A7C8F58020D7916700B04FA9 /* ListDemo */ = {
			isa = PBXNativeTarget;
			buildConfigurationList = A7C8F5A920D7916800B04FA9 /* Build configuration list for PBXNativeTarget "ListDemo" */;
			buildPhases = (
				4CE9E3DB82F7D7C701642614 /* [CP] Check Pods Manifest.lock */,
				A7C8F57D20D7916700B04FA9 /* Sources */,
				A7C8F57E20D7916700B04FA9 /* Frameworks */,
				A7C8F57F20D7916700B04FA9 /* Resources */,
				0A855A29FCA400CD62892370 /* [CP] Embed Pods Frameworks */,
			);
			buildRules = (
			);
			dependencies = (
			);
			name = ListDemo;
			productName = ListDemo;
			productReference = A7C8F58120D7916700B04FA9 /* ListDemo.app */;
			productType = "com.apple.product-type.application";
		};
		A7C8F59420D7916800B04FA9 /* ListDemoTests */ = {
			isa = PBXNativeTarget;
			buildConfigurationList = A7C8F5AC20D7916800B04FA9 /* Build configuration list for PBXNativeTarget "ListDemoTests" */;
			buildPhases = (
				4290EEDA4B8739099B983851 /* [CP] Check Pods Manifest.lock */,
				A7C8F59120D7916800B04FA9 /* Sources */,
				A7C8F59220D7916800B04FA9 /* Frameworks */,
				A7C8F59320D7916800B04FA9 /* Resources */,
			);
			buildRules = (
			);
			dependencies = (
				A7C8F59720D7916800B04FA9 /* PBXTargetDependency */,
			);
			name = ListDemoTests;
			productName = ListDemoTests;
			productReference = A7C8F59520D7916800B04FA9 /* ListDemoTests.xctest */;
			productType = "com.apple.product-type.bundle.unit-test";
		};
		A7C8F59F20D7916800B04FA9 /* ListDemoUITests */ = {
			isa = PBXNativeTarget;
			buildConfigurationList = A7C8F5AF20D7916800B04FA9 /* Build configuration list for PBXNativeTarget "ListDemoUITests" */;
			buildPhases = (
				AE7C754F25B37F058486EBDA /* [CP] Check Pods Manifest.lock */,
				A7C8F59C20D7916800B04FA9 /* Sources */,
				A7C8F59D20D7916800B04FA9 /* Frameworks */,
				A7C8F59E20D7916800B04FA9 /* Resources */,
			);
			buildRules = (
			);
			dependencies = (
				A7C8F5A220D7916800B04FA9 /* PBXTargetDependency */,
			);
			name = ListDemoUITests;
			productName = ListDemoUITests;
			productReference = A7C8F5A020D7916800B04FA9 /* ListDemoUITests.xctest */;
			productType = "com.apple.product-type.bundle.ui-testing";
		};
/* End PBXNativeTarget section */

/* Begin PBXProject section */
		A7C8F57920D7916700B04FA9 /* Project object */ = {
			isa = PBXProject;
			attributes = {
				LastSwiftUpdateCheck = 0940;
				LastUpgradeCheck = 0940;
				ORGANIZATIONNAME = "Jitendra Deore";
				TargetAttributes = {
					A7C8F58020D7916700B04FA9 = {
						CreatedOnToolsVersion = 9.4;
					};
					A7C8F59420D7916800B04FA9 = {
						CreatedOnToolsVersion = 9.4;
						TestTargetID = A7C8F58020D7916700B04FA9;
					};
					A7C8F59F20D7916800B04FA9 = {
						CreatedOnToolsVersion = 9.4;
						TestTargetID = A7C8F58020D7916700B04FA9;
					};
				};
			};
			buildConfigurationList = A7C8F57C20D7916700B04FA9 /* Build configuration list for PBXProject "ListDemo" */;
			compatibilityVersion = "Xcode 9.3";
			developmentRegion = en;
			hasScannedForEncodings = 0;
			knownRegions = (
				en,
				Base,
			);
			mainGroup = A7C8F57820D7916700B04FA9;
			productRefGroup = A7C8F58220D7916700B04FA9 /* Products */;
			projectDirPath = "";
			projectRoot = "";
			targets = (
				A7C8F58020D7916700B04FA9 /* ListDemo */,
				A7C8F59420D7916800B04FA9 /* ListDemoTests */,
				A7C8F59F20D7916800B04FA9 /* ListDemoUITests */,
			);
		};
/* End PBXProject section */

/* Begin PBXResourcesBuildPhase section */
		A7C8F57F20D7916700B04FA9 /* Resources */ = {
			isa = PBXResourcesBuildPhase;
			buildActionMask = 2147483647;
			files = (
				A7C8F58F20D7916800B04FA9 /* LaunchScreen.storyboard in Resources */,
				A7C8F58C20D7916800B04FA9 /* Assets.xcassets in Resources */,
				A7C8F58A20D7916700B04FA9 /* Main.storyboard in Resources */,
				A797461620DBB25E001F5F88 /* ErrorView.xib in Resources */,
			);
			runOnlyForDeploymentPostprocessing = 0;
		};
		A7C8F59320D7916800B04FA9 /* Resources */ = {
			isa = PBXResourcesBuildPhase;
			buildActionMask = 2147483647;
			files = (
			);
			runOnlyForDeploymentPostprocessing = 0;
		};
		A7C8F59E20D7916800B04FA9 /* Resources */ = {
			isa = PBXResourcesBuildPhase;
			buildActionMask = 2147483647;
			files = (
			);
			runOnlyForDeploymentPostprocessing = 0;
		};
/* End PBXResourcesBuildPhase section */

/* Begin PBXShellScriptBuildPhase section */
		0A855A29FCA400CD62892370 /* [CP] Embed Pods Frameworks */ = {
			isa = PBXShellScriptBuildPhase;
			buildActionMask = 2147483647;
			files = (
			);
			inputPaths = (
				"${SRCROOT}/Pods/Target Support Files/Pods-ListDemo/Pods-ListDemo-frameworks.sh",
				"${BUILT_PRODUCTS_DIR}/SDWebImage/SDWebImage.framework",
			);
			name = "[CP] Embed Pods Frameworks";
			outputPaths = (
				"${TARGET_BUILD_DIR}/${FRAMEWORKS_FOLDER_PATH}/SDWebImage.framework",
			);
			runOnlyForDeploymentPostprocessing = 0;
			shellPath = /bin/sh;
			shellScript = "\"${SRCROOT}/Pods/Target Support Files/Pods-ListDemo/Pods-ListDemo-frameworks.sh\"\n";
			showEnvVarsInLog = 0;
		};
		4290EEDA4B8739099B983851 /* [CP] Check Pods Manifest.lock */ = {
			isa = PBXShellScriptBuildPhase;
			buildActionMask = 2147483647;
			files = (
			);
			inputPaths = (
				"${PODS_PODFILE_DIR_PATH}/Podfile.lock",
				"${PODS_ROOT}/Manifest.lock",
			);
			name = "[CP] Check Pods Manifest.lock";
			outputPaths = (
				"$(DERIVED_FILE_DIR)/Pods-ListDemoTests-checkManifestLockResult.txt",
			);
			runOnlyForDeploymentPostprocessing = 0;
			shellPath = /bin/sh;
			shellScript = "diff \"${PODS_PODFILE_DIR_PATH}/Podfile.lock\" \"${PODS_ROOT}/Manifest.lock\" > /dev/null\nif [ $? != 0 ] ; then\n    # print error to STDERR\n    echo \"error: The sandbox is not in sync with the Podfile.lock. Run 'pod install' or update your CocoaPods installation.\" >&2\n    exit 1\nfi\n# This output is used by Xcode 'outputs' to avoid re-running this script phase.\necho \"SUCCESS\" > \"${SCRIPT_OUTPUT_FILE_0}\"\n";
			showEnvVarsInLog = 0;
		};
		4CE9E3DB82F7D7C701642614 /* [CP] Check Pods Manifest.lock */ = {
			isa = PBXShellScriptBuildPhase;
			buildActionMask = 2147483647;
			files = (
			);
			inputPaths = (
				"${PODS_PODFILE_DIR_PATH}/Podfile.lock",
				"${PODS_ROOT}/Manifest.lock",
			);
			name = "[CP] Check Pods Manifest.lock";
			outputPaths = (
				"$(DERIVED_FILE_DIR)/Pods-ListDemo-checkManifestLockResult.txt",
			);
			runOnlyForDeploymentPostprocessing = 0;
			shellPath = /bin/sh;
			shellScript = "diff \"${PODS_PODFILE_DIR_PATH}/Podfile.lock\" \"${PODS_ROOT}/Manifest.lock\" > /dev/null\nif [ $? != 0 ] ; then\n    # print error to STDERR\n    echo \"error: The sandbox is not in sync with the Podfile.lock. Run 'pod install' or update your CocoaPods installation.\" >&2\n    exit 1\nfi\n# This output is used by Xcode 'outputs' to avoid re-running this script phase.\necho \"SUCCESS\" > \"${SCRIPT_OUTPUT_FILE_0}\"\n";
			showEnvVarsInLog = 0;
		};
		AE7C754F25B37F058486EBDA /* [CP] Check Pods Manifest.lock */ = {
			isa = PBXShellScriptBuildPhase;
			buildActionMask = 2147483647;
			files = (
			);
			inputPaths = (
				"${PODS_PODFILE_DIR_PATH}/Podfile.lock",
				"${PODS_ROOT}/Manifest.lock",
			);
			name = "[CP] Check Pods Manifest.lock";
			outputPaths = (
				"$(DERIVED_FILE_DIR)/Pods-ListDemoUITests-checkManifestLockResult.txt",
			);
			runOnlyForDeploymentPostprocessing = 0;
			shellPath = /bin/sh;
			shellScript = "diff \"${PODS_PODFILE_DIR_PATH}/Podfile.lock\" \"${PODS_ROOT}/Manifest.lock\" > /dev/null\nif [ $? != 0 ] ; then\n    # print error to STDERR\n    echo \"error: The sandbox is not in sync with the Podfile.lock. Run 'pod install' or update your CocoaPods installation.\" >&2\n    exit 1\nfi\n# This output is used by Xcode 'outputs' to avoid re-running this script phase.\necho \"SUCCESS\" > \"${SCRIPT_OUTPUT_FILE_0}\"\n";
			showEnvVarsInLog = 0;
		};
/* End PBXShellScriptBuildPhase section */

/* Begin PBXSourcesBuildPhase section */
		A7C8F57D20D7916700B04FA9 /* Sources */ = {
			isa = PBXSourcesBuildPhase;
			buildActionMask = 2147483647;
			files = (
				A7C8F5B320D7AE7300B04FA9 /* ListItem.swift in Sources */,
				A7C8F58720D7916700B04FA9 /* ListViewController.swift in Sources */,
				A797461020DA6AA2001F5F88 /* ListViewControllerExtension.swift in Sources */,
				A7C8F5B520D7B1A200B04FA9 /* APIService.swift in Sources */,
				A797461820DBB782001F5F88 /* ListError.swift in Sources */,
				A7C8F5B720D7BB2E00B04FA9 /* List.swift in Sources */,
				A797461220DBB11B001F5F88 /* ErrorPresentableViewController.swift in Sources */,
				A7C8F58520D7916700B04FA9 /* AppDelegate.swift in Sources */,
				A797461420DBB23F001F5F88 /* ErrorView.swift in Sources */,
				A797460E20DA51B9001F5F88 /* ListTableViewCell.swift in Sources */,
			);
			runOnlyForDeploymentPostprocessing = 0;
		};
		A7C8F59120D7916800B04FA9 /* Sources */ = {
			isa = PBXSourcesBuildPhase;
			buildActionMask = 2147483647;
			files = (
				A7C8F59A20D7916800B04FA9 /* ListDemoTests.swift in Sources */,
			);
			runOnlyForDeploymentPostprocessing = 0;
		};
		A7C8F59C20D7916800B04FA9 /* Sources */ = {
			isa = PBXSourcesBuildPhase;
			buildActionMask = 2147483647;
			files = (
				A7C8F5A520D7916800B04FA9 /* ListDemoUITests.swift in Sources */,
			);
			runOnlyForDeploymentPostprocessing = 0;
		};
/* End PBXSourcesBuildPhase section */

/* Begin PBXTargetDependency section */
		A7C8F59720D7916800B04FA9 /* PBXTargetDependency */ = {
			isa = PBXTargetDependency;
			target = A7C8F58020D7916700B04FA9 /* ListDemo */;
			targetProxy = A7C8F59620D7916800B04FA9 /* PBXContainerItemProxy */;
		};
		A7C8F5A220D7916800B04FA9 /* PBXTargetDependency */ = {
			isa = PBXTargetDependency;
			target = A7C8F58020D7916700B04FA9 /* ListDemo */;
			targetProxy = A7C8F5A120D7916800B04FA9 /* PBXContainerItemProxy */;
		};
/* End PBXTargetDependency section */

/* Begin PBXVariantGroup section */
		A7C8F58820D7916700B04FA9 /* Main.storyboard */ = {
			isa = PBXVariantGroup;
			children = (
				A7C8F58920D7916700B04FA9 /* Base */,
			);
			name = Main.storyboard;
			sourceTree = "<group>";
		};
		A7C8F58D20D7916800B04FA9 /* LaunchScreen.storyboard */ = {
			isa = PBXVariantGroup;
			children = (
				A7C8F58E20D7916800B04FA9 /* Base */,
			);
			name = LaunchScreen.storyboard;
			sourceTree = "<group>";
		};
/* End PBXVariantGroup section */

/* Begin XCBuildConfiguration section */
		A7C8F5A720D7916800B04FA9 /* Debug */ = {
			isa = XCBuildConfiguration;
			buildSettings = {
				ALWAYS_SEARCH_USER_PATHS = NO;
				CLANG_ANALYZER_NONNULL = YES;
				CLANG_ANALYZER_NUMBER_OBJECT_CONVERSION = YES_AGGRESSIVE;
				CLANG_CXX_LANGUAGE_STANDARD = "gnu++14";
				CLANG_CXX_LIBRARY = "libc++";
				CLANG_ENABLE_MODULES = YES;
				CLANG_ENABLE_OBJC_ARC = YES;
				CLANG_ENABLE_OBJC_WEAK = YES;
				CLANG_WARN_BLOCK_CAPTURE_AUTORELEASING = YES;
				CLANG_WARN_BOOL_CONVERSION = YES;
				CLANG_WARN_COMMA = YES;
				CLANG_WARN_CONSTANT_CONVERSION = YES;
				CLANG_WARN_DEPRECATED_OBJC_IMPLEMENTATIONS = YES;
				CLANG_WARN_DIRECT_OBJC_ISA_USAGE = YES_ERROR;
				CLANG_WARN_DOCUMENTATION_COMMENTS = YES;
				CLANG_WARN_EMPTY_BODY = YES;
				CLANG_WARN_ENUM_CONVERSION = YES;
				CLANG_WARN_INFINITE_RECURSION = YES;
				CLANG_WARN_INT_CONVERSION = YES;
				CLANG_WARN_NON_LITERAL_NULL_CONVERSION = YES;
				CLANG_WARN_OBJC_IMPLICIT_RETAIN_SELF = YES;
				CLANG_WARN_OBJC_LITERAL_CONVERSION = YES;
				CLANG_WARN_OBJC_ROOT_CLASS = YES_ERROR;
				CLANG_WARN_RANGE_LOOP_ANALYSIS = YES;
				CLANG_WARN_STRICT_PROTOTYPES = YES;
				CLANG_WARN_SUSPICIOUS_MOVE = YES;
				CLANG_WARN_UNGUARDED_AVAILABILITY = YES_AGGRESSIVE;
				CLANG_WARN_UNREACHABLE_CODE = YES;
				CLANG_WARN__DUPLICATE_METHOD_MATCH = YES;
				CODE_SIGN_IDENTITY = "iPhone Developer";
				COPY_PHASE_STRIP = NO;
				DEBUG_INFORMATION_FORMAT = dwarf;
				ENABLE_STRICT_OBJC_MSGSEND = YES;
				ENABLE_TESTABILITY = YES;
				GCC_C_LANGUAGE_STANDARD = gnu11;
				GCC_DYNAMIC_NO_PIC = NO;
				GCC_NO_COMMON_BLOCKS = YES;
				GCC_OPTIMIZATION_LEVEL = 0;
				GCC_PREPROCESSOR_DEFINITIONS = (
					"DEBUG=1",
					"$(inherited)",
				);
				GCC_WARN_64_TO_32_BIT_CONVERSION = YES;
				GCC_WARN_ABOUT_RETURN_TYPE = YES_ERROR;
				GCC_WARN_UNDECLARED_SELECTOR = YES;
				GCC_WARN_UNINITIALIZED_AUTOS = YES_AGGRESSIVE;
				GCC_WARN_UNUSED_FUNCTION = YES;
				GCC_WARN_UNUSED_VARIABLE = YES;
				IPHONEOS_DEPLOYMENT_TARGET = 11.4;
				MTL_ENABLE_DEBUG_INFO = YES;
				ONLY_ACTIVE_ARCH = YES;
				SDKROOT = iphoneos;
				SWIFT_ACTIVE_COMPILATION_CONDITIONS = DEBUG;
				SWIFT_OPTIMIZATION_LEVEL = "-Onone";
			};
			name = Debug;
		};
		A7C8F5A820D7916800B04FA9 /* Release */ = {
			isa = XCBuildConfiguration;
			buildSettings = {
				ALWAYS_SEARCH_USER_PATHS = NO;
				CLANG_ANALYZER_NONNULL = YES;
				CLANG_ANALYZER_NUMBER_OBJECT_CONVERSION = YES_AGGRESSIVE;
				CLANG_CXX_LANGUAGE_STANDARD = "gnu++14";
				CLANG_CXX_LIBRARY = "libc++";
				CLANG_ENABLE_MODULES = YES;
				CLANG_ENABLE_OBJC_ARC = YES;
				CLANG_ENABLE_OBJC_WEAK = YES;
				CLANG_WARN_BLOCK_CAPTURE_AUTORELEASING = YES;
				CLANG_WARN_BOOL_CONVERSION = YES;
				CLANG_WARN_COMMA = YES;
				CLANG_WARN_CONSTANT_CONVERSION = YES;
				CLANG_WARN_DEPRECATED_OBJC_IMPLEMENTATIONS = YES;
				CLANG_WARN_DIRECT_OBJC_ISA_USAGE = YES_ERROR;
				CLANG_WARN_DOCUMENTATION_COMMENTS = YES;
				CLANG_WARN_EMPTY_BODY = YES;
				CLANG_WARN_ENUM_CONVERSION = YES;
				CLANG_WARN_INFINITE_RECURSION = YES;
				CLANG_WARN_INT_CONVERSION = YES;
				CLANG_WARN_NON_LITERAL_NULL_CONVERSION = YES;
				CLANG_WARN_OBJC_IMPLICIT_RETAIN_SELF = YES;
				CLANG_WARN_OBJC_LITERAL_CONVERSION = YES;
				CLANG_WARN_OBJC_ROOT_CLASS = YES_ERROR;
				CLANG_WARN_RANGE_LOOP_ANALYSIS = YES;
				CLANG_WARN_STRICT_PROTOTYPES = YES;
				CLANG_WARN_SUSPICIOUS_MOVE = YES;
				CLANG_WARN_UNGUARDED_AVAILABILITY = YES_AGGRESSIVE;
				CLANG_WARN_UNREACHABLE_CODE = YES;
				CLANG_WARN__DUPLICATE_METHOD_MATCH = YES;
				CODE_SIGN_IDENTITY = "iPhone Developer";
				COPY_PHASE_STRIP = NO;
				DEBUG_INFORMATION_FORMAT = "dwarf-with-dsym";
				ENABLE_NS_ASSERTIONS = NO;
				ENABLE_STRICT_OBJC_MSGSEND = YES;
				GCC_C_LANGUAGE_STANDARD = gnu11;
				GCC_NO_COMMON_BLOCKS = YES;
				GCC_WARN_64_TO_32_BIT_CONVERSION = YES;
				GCC_WARN_ABOUT_RETURN_TYPE = YES_ERROR;
				GCC_WARN_UNDECLARED_SELECTOR = YES;
				GCC_WARN_UNINITIALIZED_AUTOS = YES_AGGRESSIVE;
				GCC_WARN_UNUSED_FUNCTION = YES;
				GCC_WARN_UNUSED_VARIABLE = YES;
				IPHONEOS_DEPLOYMENT_TARGET = 11.4;
				MTL_ENABLE_DEBUG_INFO = NO;
				SDKROOT = iphoneos;
				SWIFT_COMPILATION_MODE = wholemodule;
				SWIFT_OPTIMIZATION_LEVEL = "-O";
				VALIDATE_PRODUCT = YES;
			};
			name = Release;
		};
		A7C8F5AA20D7916800B04FA9 /* Debug */ = {
			isa = XCBuildConfiguration;
			baseConfigurationReference = 7112BA76168DBB2DF1F5E060 /* Pods-ListDemo.debug.xcconfig */;
			buildSettings = {
				ASSETCATALOG_COMPILER_APPICON_NAME = AppIcon;
				CODE_SIGN_STYLE = Automatic;
				DEVELOPMENT_TEAM = KZRGFF6PB7;
				INFOPLIST_FILE = ListDemo/Info.plist;
				IPHONEOS_DEPLOYMENT_TARGET = 8.3;
				LD_RUNPATH_SEARCH_PATHS = (
					"$(inherited)",
					"@executable_path/Frameworks",
				);
				PRODUCT_BUNDLE_IDENTIFIER = com.demo.ListDemo;
				PRODUCT_NAME = "$(TARGET_NAME)";
				SWIFT_VERSION = 4.0;
				TARGETED_DEVICE_FAMILY = "1,2";
			};
			name = Debug;
		};
		A7C8F5AB20D7916800B04FA9 /* Release */ = {
			isa = XCBuildConfiguration;
			baseConfigurationReference = 1D1E96C7BB31923599CE2A20 /* Pods-ListDemo.release.xcconfig */;
			buildSettings = {
				ASSETCATALOG_COMPILER_APPICON_NAME = AppIcon;
				CODE_SIGN_STYLE = Automatic;
				DEVELOPMENT_TEAM = KZRGFF6PB7;
				INFOPLIST_FILE = ListDemo/Info.plist;
				IPHONEOS_DEPLOYMENT_TARGET = 8.3;
				LD_RUNPATH_SEARCH_PATHS = (
					"$(inherited)",
					"@executable_path/Frameworks",
				);
				PRODUCT_BUNDLE_IDENTIFIER = com.demo.ListDemo;
				PRODUCT_NAME = "$(TARGET_NAME)";
				SWIFT_VERSION = 4.0;
				TARGETED_DEVICE_FAMILY = "1,2";
			};
			name = Release;
		};
		A7C8F5AD20D7916800B04FA9 /* Debug */ = {
			isa = XCBuildConfiguration;
			baseConfigurationReference = C6DD9905CCF32A46FD86F127 /* Pods-ListDemoTests.debug.xcconfig */;
			buildSettings = {
				ALWAYS_EMBED_SWIFT_STANDARD_LIBRARIES = YES;
				BUNDLE_LOADER = "$(TEST_HOST)";
				CODE_SIGN_STYLE = Automatic;
				DEVELOPMENT_TEAM = KZRGFF6PB7;
				INFOPLIST_FILE = ListDemoTests/Info.plist;
				LD_RUNPATH_SEARCH_PATHS = (
					"$(inherited)",
					"@executable_path/Frameworks",
					"@loader_path/Frameworks",
				);
				PRODUCT_BUNDLE_IDENTIFIER = com.demo.ListDemoTests;
				PRODUCT_NAME = "$(TARGET_NAME)";
				SWIFT_VERSION = 4.0;
				TARGETED_DEVICE_FAMILY = "1,2";
				TEST_HOST = "$(BUILT_PRODUCTS_DIR)/ListDemo.app/ListDemo";
			};
			name = Debug;
		};
		A7C8F5AE20D7916800B04FA9 /* Release */ = {
			isa = XCBuildConfiguration;
			baseConfigurationReference = D2AF68E9E116473E7881D094 /* Pods-ListDemoTests.release.xcconfig */;
			buildSettings = {
				ALWAYS_EMBED_SWIFT_STANDARD_LIBRARIES = YES;
				BUNDLE_LOADER = "$(TEST_HOST)";
				CODE_SIGN_STYLE = Automatic;
				DEVELOPMENT_TEAM = KZRGFF6PB7;
				INFOPLIST_FILE = ListDemoTests/Info.plist;
				LD_RUNPATH_SEARCH_PATHS = (
					"$(inherited)",
					"@executable_path/Frameworks",
					"@loader_path/Frameworks",
				);
				PRODUCT_BUNDLE_IDENTIFIER = com.demo.ListDemoTests;
				PRODUCT_NAME = "$(TARGET_NAME)";
				SWIFT_VERSION = 4.0;
				TARGETED_DEVICE_FAMILY = "1,2";
				TEST_HOST = "$(BUILT_PRODUCTS_DIR)/ListDemo.app/ListDemo";
			};
			name = Release;
		};
		A7C8F5B020D7916800B04FA9 /* Debug */ = {
			isa = XCBuildConfiguration;
			baseConfigurationReference = E95703964429D3C2DC81B012 /* Pods-ListDemoUITests.debug.xcconfig */;
			buildSettings = {
				ALWAYS_EMBED_SWIFT_STANDARD_LIBRARIES = YES;
				CODE_SIGN_STYLE = Automatic;
				DEVELOPMENT_TEAM = KZRGFF6PB7;
				INFOPLIST_FILE = ListDemoUITests/Info.plist;
				LD_RUNPATH_SEARCH_PATHS = (
					"$(inherited)",
					"@executable_path/Frameworks",
					"@loader_path/Frameworks",
				);
				PRODUCT_BUNDLE_IDENTIFIER = com.demo.ListDemoUITests;
				PRODUCT_NAME = "$(TARGET_NAME)";
				SWIFT_VERSION = 4.0;
				TARGETED_DEVICE_FAMILY = "1,2";
				TEST_TARGET_NAME = ListDemo;
			};
			name = Debug;
		};
		A7C8F5B120D7916800B04FA9 /* Release */ = {
			isa = XCBuildConfiguration;
			baseConfigurationReference = CCB1136B0A8CB92AECBED93F /* Pods-ListDemoUITests.release.xcconfig */;
			buildSettings = {
				ALWAYS_EMBED_SWIFT_STANDARD_LIBRARIES = YES;
				CODE_SIGN_STYLE = Automatic;
				DEVELOPMENT_TEAM = KZRGFF6PB7;
				INFOPLIST_FILE = ListDemoUITests/Info.plist;
				LD_RUNPATH_SEARCH_PATHS = (
					"$(inherited)",
					"@executable_path/Frameworks",
					"@loader_path/Frameworks",
				);
				PRODUCT_BUNDLE_IDENTIFIER = com.demo.ListDemoUITests;
				PRODUCT_NAME = "$(TARGET_NAME)";
				SWIFT_VERSION = 4.0;
				TARGETED_DEVICE_FAMILY = "1,2";
				TEST_TARGET_NAME = ListDemo;
			};
			name = Release;
		};
/* End XCBuildConfiguration section */

/* Begin XCConfigurationList section */
		A7C8F57C20D7916700B04FA9 /* Build configuration list for PBXProject "ListDemo" */ = {
			isa = XCConfigurationList;
			buildConfigurations = (
				A7C8F5A720D7916800B04FA9 /* Debug */,
				A7C8F5A820D7916800B04FA9 /* Release */,
			);
			defaultConfigurationIsVisible = 0;
			defaultConfigurationName = Release;
		};
		A7C8F5A920D7916800B04FA9 /* Build configuration list for PBXNativeTarget "ListDemo" */ = {
			isa = XCConfigurationList;
			buildConfigurations = (
				A7C8F5AA20D7916800B04FA9 /* Debug */,
				A7C8F5AB20D7916800B04FA9 /* Release */,
			);
			defaultConfigurationIsVisible = 0;
			defaultConfigurationName = Release;
		};
		A7C8F5AC20D7916800B04FA9 /* Build configuration list for PBXNativeTarget "ListDemoTests" */ = {
			isa = XCConfigurationList;
			buildConfigurations = (
				A7C8F5AD20D7916800B04FA9 /* Debug */,
				A7C8F5AE20D7916800B04FA9 /* Release */,
			);
			defaultConfigurationIsVisible = 0;
			defaultConfigurationName = Release;
		};
		A7C8F5AF20D7916800B04FA9 /* Build configuration list for PBXNativeTarget "ListDemoUITests" */ = {
			isa = XCConfigurationList;
			buildConfigurations = (
				A7C8F5B020D7916800B04FA9 /* Debug */,
				A7C8F5B120D7916800B04FA9 /* Release */,
			);
			defaultConfigurationIsVisible = 0;
			defaultConfigurationName = Release;
		};
/* End XCConfigurationList section */
	};
	rootObject = A7C8F57920D7916700B04FA9 /* Project object */;
}
